// !$*UTF8*$!
{
	archiveVersion = 1;
	classes = {
	};
	objectVersion = 56;
	objects = {

/* Begin PBXBuildFile section */
		262ABCDD2991046D000DA9F7 /* VOIPApp.swift in Sources */ = {isa = PBXBuildFile; fileRef = 262ABCDC2991046D000DA9F7 /* VOIPApp.swift */; };
		262ABCDF2991046D000DA9F7 /* WelcomeView.swift in Sources */ = {isa = PBXBuildFile; fileRef = 262ABCDE2991046D000DA9F7 /* WelcomeView.swift */; };
		262ABCE12991046F000DA9F7 /* Assets.xcassets in Resources */ = {isa = PBXBuildFile; fileRef = 262ABCE02991046F000DA9F7 /* Assets.xcassets */; };
		262ABCE42991046F000DA9F7 /* Preview Assets.xcassets in Resources */ = {isa = PBXBuildFile; fileRef = 262ABCE32991046F000DA9F7 /* Preview Assets.xcassets */; };
		262ABCEE29910470000DA9F7 /* VOIPTests.swift in Sources */ = {isa = PBXBuildFile; fileRef = 262ABCED29910470000DA9F7 /* VOIPTests.swift */; };
		262ABCF829910470000DA9F7 /* VOIPUITests.swift in Sources */ = {isa = PBXBuildFile; fileRef = 262ABCF729910470000DA9F7 /* VOIPUITests.swift */; };
		262ABCFA29910470000DA9F7 /* VOIPUITestsLaunchTests.swift in Sources */ = {isa = PBXBuildFile; fileRef = 262ABCF929910470000DA9F7 /* VOIPUITestsLaunchTests.swift */; };
		267D04C329B4801400DD1CE3 /* BottomSheetContentView.swift in Sources */ = {isa = PBXBuildFile; fileRef = 267D04C229B4801400DD1CE3 /* BottomSheetContentView.swift */; };
		267D04C529B4803500DD1CE3 /* BottomSheet.swift in Sources */ = {isa = PBXBuildFile; fileRef = 267D04C429B4803500DD1CE3 /* BottomSheet.swift */; };
		267D04C729B48F4900DD1CE3 /* Extensions.swift in Sources */ = {isa = PBXBuildFile; fileRef = 267D04C629B48F4900DD1CE3 /* Extensions.swift */; };
		269B26C529AB28B0006B0EF7 /* BottomSheetView.swift in Sources */ = {isa = PBXBuildFile; fileRef = 269B26C429AB28B0006B0EF7 /* BottomSheetView.swift */; };
/* End PBXBuildFile section */

/* Begin PBXContainerItemProxy section */
		262ABCEA29910470000DA9F7 /* PBXContainerItemProxy */ = {
			isa = PBXContainerItemProxy;
			containerPortal = 262ABCD12991046D000DA9F7 /* Project object */;
			proxyType = 1;
			remoteGlobalIDString = 262ABCD82991046D000DA9F7;
			remoteInfo = VOIP;
		};
		262ABCF429910470000DA9F7 /* PBXContainerItemProxy */ = {
			isa = PBXContainerItemProxy;
			containerPortal = 262ABCD12991046D000DA9F7 /* Project object */;
			proxyType = 1;
			remoteGlobalIDString = 262ABCD82991046D000DA9F7;
			remoteInfo = VOIP;
		};
/* End PBXContainerItemProxy section */

/* Begin PBXFileReference section */
		261ABA0A29927A9500EBC972 /* Info.plist */ = {isa = PBXFileReference; lastKnownFileType = text.plist; path = Info.plist; sourceTree = "<group>"; };
		262ABCD92991046D000DA9F7 /* VOIP.app */ = {isa = PBXFileReference; explicitFileType = wrapper.application; includeInIndex = 0; path = VOIP.app; sourceTree = BUILT_PRODUCTS_DIR; };
		262ABCDC2991046D000DA9F7 /* VOIPApp.swift */ = {isa = PBXFileReference; lastKnownFileType = sourcecode.swift; path = VOIPApp.swift; sourceTree = "<group>"; };
		262ABCDE2991046D000DA9F7 /* WelcomeView.swift */ = {isa = PBXFileReference; lastKnownFileType = sourcecode.swift; path = WelcomeView.swift; sourceTree = "<group>"; };
		262ABCE02991046F000DA9F7 /* Assets.xcassets */ = {isa = PBXFileReference; lastKnownFileType = folder.assetcatalog; path = Assets.xcassets; sourceTree = "<group>"; };
		262ABCE32991046F000DA9F7 /* Preview Assets.xcassets */ = {isa = PBXFileReference; lastKnownFileType = folder.assetcatalog; path = "Preview Assets.xcassets"; sourceTree = "<group>"; };
		262ABCE929910470000DA9F7 /* VOIPTests.xctest */ = {isa = PBXFileReference; explicitFileType = wrapper.cfbundle; includeInIndex = 0; path = VOIPTests.xctest; sourceTree = BUILT_PRODUCTS_DIR; };
		262ABCED29910470000DA9F7 /* VOIPTests.swift */ = {isa = PBXFileReference; lastKnownFileType = sourcecode.swift; path = VOIPTests.swift; sourceTree = "<group>"; };
		262ABCF329910470000DA9F7 /* VOIPUITests.xctest */ = {isa = PBXFileReference; explicitFileType = wrapper.cfbundle; includeInIndex = 0; path = VOIPUITests.xctest; sourceTree = BUILT_PRODUCTS_DIR; };
		262ABCF729910470000DA9F7 /* VOIPUITests.swift */ = {isa = PBXFileReference; lastKnownFileType = sourcecode.swift; path = VOIPUITests.swift; sourceTree = "<group>"; };
		262ABCF929910470000DA9F7 /* VOIPUITestsLaunchTests.swift */ = {isa = PBXFileReference; lastKnownFileType = sourcecode.swift; path = VOIPUITestsLaunchTests.swift; sourceTree = "<group>"; };
		267D04C229B4801400DD1CE3 /* BottomSheetContentView.swift */ = {isa = PBXFileReference; lastKnownFileType = sourcecode.swift; path = BottomSheetContentView.swift; sourceTree = "<group>"; };
		267D04C429B4803500DD1CE3 /* BottomSheet.swift */ = {isa = PBXFileReference; lastKnownFileType = sourcecode.swift; path = BottomSheet.swift; sourceTree = "<group>"; };
		267D04C629B48F4900DD1CE3 /* Extensions.swift */ = {isa = PBXFileReference; lastKnownFileType = sourcecode.swift; path = Extensions.swift; sourceTree = "<group>"; };
		269B26C429AB28B0006B0EF7 /* BottomSheetView.swift */ = {isa = PBXFileReference; lastKnownFileType = sourcecode.swift; path = BottomSheetView.swift; sourceTree = "<group>"; };
/* End PBXFileReference section */

/* Begin PBXFrameworksBuildPhase section */
		262ABCD62991046D000DA9F7 /* Frameworks */ = {
			isa = PBXFrameworksBuildPhase;
			buildActionMask = 2147483647;
			files = (
			);
			runOnlyForDeploymentPostprocessing = 0;
		};
		262ABCE629910470000DA9F7 /* Frameworks */ = {
			isa = PBXFrameworksBuildPhase;
			buildActionMask = 2147483647;
			files = (
			);
			runOnlyForDeploymentPostprocessing = 0;
		};
		262ABCF029910470000DA9F7 /* Frameworks */ = {
			isa = PBXFrameworksBuildPhase;
			buildActionMask = 2147483647;
			files = (
			);
			runOnlyForDeploymentPostprocessing = 0;
		};
/* End PBXFrameworksBuildPhase section */

/* Begin PBXGroup section */
		262ABCD02991046D000DA9F7 = {
			isa = PBXGroup;
			children = (
				262ABCDB2991046D000DA9F7 /* VOIP */,
				262ABCEC29910470000DA9F7 /* VOIPTests */,
				262ABCF629910470000DA9F7 /* VOIPUITests */,
				262ABCDA2991046D000DA9F7 /* Products */,
			);
			sourceTree = "<group>";
		};
		262ABCDA2991046D000DA9F7 /* Products */ = {
			isa = PBXGroup;
			children = (
				262ABCD92991046D000DA9F7 /* VOIP.app */,
				262ABCE929910470000DA9F7 /* VOIPTests.xctest */,
				262ABCF329910470000DA9F7 /* VOIPUITests.xctest */,
			);
			name = Products;
			sourceTree = "<group>";
		};
		262ABCDB2991046D000DA9F7 /* VOIP */ = {
			isa = PBXGroup;
			children = (
				267D04C129B47FD500DD1CE3 /* Components */,
				261ABA0A29927A9500EBC972 /* Info.plist */,
				262ABCDC2991046D000DA9F7 /* VOIPApp.swift */,
				262ABCDE2991046D000DA9F7 /* WelcomeView.swift */,
				262ABCE02991046F000DA9F7 /* Assets.xcassets */,
				262ABCE22991046F000DA9F7 /* Preview Content */,
				267D04C429B4803500DD1CE3 /* BottomSheet.swift */,
				267D04C629B48F4900DD1CE3 /* Extensions.swift */,
			);
			path = VOIP;
			sourceTree = "<group>";
		};
		262ABCE22991046F000DA9F7 /* Preview Content */ = {
			isa = PBXGroup;
			children = (
				262ABCE32991046F000DA9F7 /* Preview Assets.xcassets */,
			);
			path = "Preview Content";
			sourceTree = "<group>";
		};
		262ABCEC29910470000DA9F7 /* VOIPTests */ = {
			isa = PBXGroup;
			children = (
				262ABCED29910470000DA9F7 /* VOIPTests.swift */,
			);
			path = VOIPTests;
			sourceTree = "<group>";
		};
		262ABCF629910470000DA9F7 /* VOIPUITests */ = {
			isa = PBXGroup;
			children = (
				262ABCF729910470000DA9F7 /* VOIPUITests.swift */,
				262ABCF929910470000DA9F7 /* VOIPUITestsLaunchTests.swift */,
			);
			path = VOIPUITests;
			sourceTree = "<group>";
		};
		267D04C129B47FD500DD1CE3 /* Components */ = {
			isa = PBXGroup;
			children = (
				269B26C429AB28B0006B0EF7 /* BottomSheetView.swift */,
				267D04C229B4801400DD1CE3 /* BottomSheetContentView.swift */,
			);
			path = Components;
			sourceTree = "<group>";
		};
/* End PBXGroup section */

/* Begin PBXNativeTarget section */
		262ABCD82991046D000DA9F7 /* VOIP */ = {
			isa = PBXNativeTarget;
			buildConfigurationList = 262ABCFD29910470000DA9F7 /* Build configuration list for PBXNativeTarget "VOIP" */;
			buildPhases = (
				262ABCD52991046D000DA9F7 /* Sources */,
				262ABCD62991046D000DA9F7 /* Frameworks */,
				262ABCD72991046D000DA9F7 /* Resources */,
			);
			buildRules = (
			);
			dependencies = (
			);
			name = VOIP;
			productName = VOIP;
			productReference = 262ABCD92991046D000DA9F7 /* VOIP.app */;
			productType = "com.apple.product-type.application";
		};
		262ABCE829910470000DA9F7 /* VOIPTests */ = {
			isa = PBXNativeTarget;
			buildConfigurationList = 262ABD0029910470000DA9F7 /* Build configuration list for PBXNativeTarget "VOIPTests" */;
			buildPhases = (
				262ABCE529910470000DA9F7 /* Sources */,
				262ABCE629910470000DA9F7 /* Frameworks */,
				262ABCE729910470000DA9F7 /* Resources */,
			);
			buildRules = (
			);
			dependencies = (
				262ABCEB29910470000DA9F7 /* PBXTargetDependency */,
			);
			name = VOIPTests;
			productName = VOIPTests;
			productReference = 262ABCE929910470000DA9F7 /* VOIPTests.xctest */;
			productType = "com.apple.product-type.bundle.unit-test";
		};
		262ABCF229910470000DA9F7 /* VOIPUITests */ = {
			isa = PBXNativeTarget;
			buildConfigurationList = 262ABD0329910470000DA9F7 /* Build configuration list for PBXNativeTarget "VOIPUITests" */;
			buildPhases = (
				262ABCEF29910470000DA9F7 /* Sources */,
				262ABCF029910470000DA9F7 /* Frameworks */,
				262ABCF129910470000DA9F7 /* Resources */,
			);
			buildRules = (
			);
			dependencies = (
				262ABCF529910470000DA9F7 /* PBXTargetDependency */,
			);
			name = VOIPUITests;
			productName = VOIPUITests;
			productReference = 262ABCF329910470000DA9F7 /* VOIPUITests.xctest */;
			productType = "com.apple.product-type.bundle.ui-testing";
		};
/* End PBXNativeTarget section */

/* Begin PBXProject section */
		262ABCD12991046D000DA9F7 /* Project object */ = {
			isa = PBXProject;
			attributes = {
				BuildIndependentTargetsInParallel = 1;
				LastSwiftUpdateCheck = 1400;
				LastUpgradeCheck = 1400;
				TargetAttributes = {
					262ABCD82991046D000DA9F7 = {
						CreatedOnToolsVersion = 14.0.1;
						LastSwiftMigration = 1400;
					};
					262ABCE829910470000DA9F7 = {
						CreatedOnToolsVersion = 14.0.1;
						TestTargetID = 262ABCD82991046D000DA9F7;
					};
					262ABCF229910470000DA9F7 = {
						CreatedOnToolsVersion = 14.0.1;
						TestTargetID = 262ABCD82991046D000DA9F7;
					};
				};
			};
			buildConfigurationList = 262ABCD42991046D000DA9F7 /* Build configuration list for PBXProject "VOIP" */;
			compatibilityVersion = "Xcode 14.0";
			developmentRegion = en;
			hasScannedForEncodings = 0;
			knownRegions = (
				en,
				Base,
			);
			mainGroup = 262ABCD02991046D000DA9F7;
			productRefGroup = 262ABCDA2991046D000DA9F7 /* Products */;
			projectDirPath = "";
			projectRoot = "";
			targets = (
				262ABCD82991046D000DA9F7 /* VOIP */,
				262ABCE829910470000DA9F7 /* VOIPTests */,
				262ABCF229910470000DA9F7 /* VOIPUITests */,
			);
		};
/* End PBXProject section */

/* Begin PBXResourcesBuildPhase section */
		262ABCD72991046D000DA9F7 /* Resources */ = {
			isa = PBXResourcesBuildPhase;
			buildActionMask = 2147483647;
			files = (
				262ABCE42991046F000DA9F7 /* Preview Assets.xcassets in Resources */,
				262ABCE12991046F000DA9F7 /* Assets.xcassets in Resources */,
			);
			runOnlyForDeploymentPostprocessing = 0;
		};
		262ABCE729910470000DA9F7 /* Resources */ = {
			isa = PBXResourcesBuildPhase;
			buildActionMask = 2147483647;
			files = (
			);
			runOnlyForDeploymentPostprocessing = 0;
		};
		262ABCF129910470000DA9F7 /* Resources */ = {
			isa = PBXResourcesBuildPhase;
			buildActionMask = 2147483647;
			files = (
			);
			runOnlyForDeploymentPostprocessing = 0;
		};
/* End PBXResourcesBuildPhase section */

/* Begin PBXSourcesBuildPhase section */
		262ABCD52991046D000DA9F7 /* Sources */ = {
			isa = PBXSourcesBuildPhase;
			buildActionMask = 2147483647;
			files = (
				262ABCDF2991046D000DA9F7 /* WelcomeView.swift in Sources */,
				267D04C529B4803500DD1CE3 /* BottomSheet.swift in Sources */,
				267D04C729B48F4900DD1CE3 /* Extensions.swift in Sources */,
				269B26C529AB28B0006B0EF7 /* BottomSheetView.swift in Sources */,
				262ABCDD2991046D000DA9F7 /* VOIPApp.swift in Sources */,
				267D04C329B4801400DD1CE3 /* BottomSheetContentView.swift in Sources */,
			);
			runOnlyForDeploymentPostprocessing = 0;
		};
		262ABCE529910470000DA9F7 /* Sources */ = {
			isa = PBXSourcesBuildPhase;
			buildActionMask = 2147483647;
			files = (
				262ABCEE29910470000DA9F7 /* VOIPTests.swift in Sources */,
			);
			runOnlyForDeploymentPostprocessing = 0;
		};
		262ABCEF29910470000DA9F7 /* Sources */ = {
			isa = PBXSourcesBuildPhase;
			buildActionMask = 2147483647;
			files = (
				262ABCFA29910470000DA9F7 /* VOIPUITestsLaunchTests.swift in Sources */,
				262ABCF829910470000DA9F7 /* VOIPUITests.swift in Sources */,
			);
			runOnlyForDeploymentPostprocessing = 0;
		};
/* End PBXSourcesBuildPhase section */

/* Begin PBXTargetDependency section */
		262ABCEB29910470000DA9F7 /* PBXTargetDependency */ = {
			isa = PBXTargetDependency;
			target = 262ABCD82991046D000DA9F7 /* VOIP */;
			targetProxy = 262ABCEA29910470000DA9F7 /* PBXContainerItemProxy */;
		};
		262ABCF529910470000DA9F7 /* PBXTargetDependency */ = {
			isa = PBXTargetDependency;
			target = 262ABCD82991046D000DA9F7 /* VOIP */;
			targetProxy = 262ABCF429910470000DA9F7 /* PBXContainerItemProxy */;
		};
/* End PBXTargetDependency section */

/* Begin XCBuildConfiguration section */
		262ABCFB29910470000DA9F7 /* Debug */ = {
			isa = XCBuildConfiguration;
			buildSettings = {
				ALWAYS_SEARCH_USER_PATHS = NO;
				CLANG_ANALYZER_NONNULL = YES;
				CLANG_ANALYZER_NUMBER_OBJECT_CONVERSION = YES_AGGRESSIVE;
				CLANG_CXX_LANGUAGE_STANDARD = "gnu++20";
				CLANG_ENABLE_MODULES = YES;
				CLANG_ENABLE_OBJC_ARC = YES;
				CLANG_ENABLE_OBJC_WEAK = YES;
				CLANG_WARN_BLOCK_CAPTURE_AUTORELEASING = YES;
				CLANG_WARN_BOOL_CONVERSION = YES;
				CLANG_WARN_COMMA = YES;
				CLANG_WARN_CONSTANT_CONVERSION = YES;
				CLANG_WARN_DEPRECATED_OBJC_IMPLEMENTATIONS = YES;
				CLANG_WARN_DIRECT_OBJC_ISA_USAGE = YES_ERROR;
				CLANG_WARN_DOCUMENTATION_COMMENTS = YES;
				CLANG_WARN_EMPTY_BODY = YES;
				CLANG_WARN_ENUM_CONVERSION = YES;
				CLANG_WARN_INFINITE_RECURSION = YES;
				CLANG_WARN_INT_CONVERSION = YES;
				CLANG_WARN_NON_LITERAL_NULL_CONVERSION = YES;
				CLANG_WARN_OBJC_IMPLICIT_RETAIN_SELF = YES;
				CLANG_WARN_OBJC_LITERAL_CONVERSION = YES;
				CLANG_WARN_OBJC_ROOT_CLASS = YES_ERROR;
				CLANG_WARN_QUOTED_INCLUDE_IN_FRAMEWORK_HEADER = YES;
				CLANG_WARN_RANGE_LOOP_ANALYSIS = YES;
				CLANG_WARN_STRICT_PROTOTYPES = YES;
				CLANG_WARN_SUSPICIOUS_MOVE = YES;
				CLANG_WARN_UNGUARDED_AVAILABILITY = YES_AGGRESSIVE;
				CLANG_WARN_UNREACHABLE_CODE = YES;
				CLANG_WARN__DUPLICATE_METHOD_MATCH = YES;
				COPY_PHASE_STRIP = NO;
				DEBUG_INFORMATION_FORMAT = dwarf;
				ENABLE_STRICT_OBJC_MSGSEND = YES;
				ENABLE_TESTABILITY = YES;
				GCC_C_LANGUAGE_STANDARD = gnu11;
				GCC_DYNAMIC_NO_PIC = NO;
				GCC_NO_COMMON_BLOCKS = YES;
				GCC_OPTIMIZATION_LEVEL = 0;
				GCC_PREPROCESSOR_DEFINITIONS = (
					"DEBUG=1",
					"$(inherited)",
				);
				GCC_WARN_64_TO_32_BIT_CONVERSION = YES;
				GCC_WARN_ABOUT_RETURN_TYPE = YES_ERROR;
				GCC_WARN_UNDECLARED_SELECTOR = YES;
				GCC_WARN_UNINITIALIZED_AUTOS = YES_AGGRESSIVE;
				GCC_WARN_UNUSED_FUNCTION = YES;
				GCC_WARN_UNUSED_VARIABLE = YES;
				IPHONEOS_DEPLOYMENT_TARGET = 16.0;
				MTL_ENABLE_DEBUG_INFO = INCLUDE_SOURCE;
				MTL_FAST_MATH = YES;
				ONLY_ACTIVE_ARCH = YES;
				SDKROOT = iphoneos;
				SWIFT_ACTIVE_COMPILATION_CONDITIONS = DEBUG;
				SWIFT_OPTIMIZATION_LEVEL = "-Onone";
			};
			name = Debug;
		};
		262ABCFC29910470000DA9F7 /* Release */ = {
			isa = XCBuildConfiguration;
			buildSettings = {
				ALWAYS_SEARCH_USER_PATHS = NO;
				CLANG_ANALYZER_NONNULL = YES;
				CLANG_ANALYZER_NUMBER_OBJECT_CONVERSION = YES_AGGRESSIVE;
				CLANG_CXX_LANGUAGE_STANDARD = "gnu++20";
				CLANG_ENABLE_MODULES = YES;
				CLANG_ENABLE_OBJC_ARC = YES;
				CLANG_ENABLE_OBJC_WEAK = YES;
				CLANG_WARN_BLOCK_CAPTURE_AUTORELEASING = YES;
				CLANG_WARN_BOOL_CONVERSION = YES;
				CLANG_WARN_COMMA = YES;
				CLANG_WARN_CONSTANT_CONVERSION = YES;
				CLANG_WARN_DEPRECATED_OBJC_IMPLEMENTATIONS = YES;
				CLANG_WARN_DIRECT_OBJC_ISA_USAGE = YES_ERROR;
				CLANG_WARN_DOCUMENTATION_COMMENTS = YES;
				CLANG_WARN_EMPTY_BODY = YES;
				CLANG_WARN_ENUM_CONVERSION = YES;
				CLANG_WARN_INFINITE_RECURSION = YES;
				CLANG_WARN_INT_CONVERSION = YES;
				CLANG_WARN_NON_LITERAL_NULL_CONVERSION = YES;
				CLANG_WARN_OBJC_IMPLICIT_RETAIN_SELF = YES;
				CLANG_WARN_OBJC_LITERAL_CONVERSION = YES;
				CLANG_WARN_OBJC_ROOT_CLASS = YES_ERROR;
				CLANG_WARN_QUOTED_INCLUDE_IN_FRAMEWORK_HEADER = YES;
				CLANG_WARN_RANGE_LOOP_ANALYSIS = YES;
				CLANG_WARN_STRICT_PROTOTYPES = YES;
				CLANG_WARN_SUSPICIOUS_MOVE = YES;
				CLANG_WARN_UNGUARDED_AVAILABILITY = YES_AGGRESSIVE;
				CLANG_WARN_UNREACHABLE_CODE = YES;
				CLANG_WARN__DUPLICATE_METHOD_MATCH = YES;
				COPY_PHASE_STRIP = NO;
				DEBUG_INFORMATION_FORMAT = "dwarf-with-dsym";
				ENABLE_NS_ASSERTIONS = NO;
				ENABLE_STRICT_OBJC_MSGSEND = YES;
				GCC_C_LANGUAGE_STANDARD = gnu11;
				GCC_NO_COMMON_BLOCKS = YES;
				GCC_WARN_64_TO_32_BIT_CONVERSION = YES;
				GCC_WARN_ABOUT_RETURN_TYPE = YES_ERROR;
				GCC_WARN_UNDECLARED_SELECTOR = YES;
				GCC_WARN_UNINITIALIZED_AUTOS = YES_AGGRESSIVE;
				GCC_WARN_UNUSED_FUNCTION = YES;
				GCC_WARN_UNUSED_VARIABLE = YES;
				IPHONEOS_DEPLOYMENT_TARGET = 16.0;
				MTL_ENABLE_DEBUG_INFO = NO;
				MTL_FAST_MATH = YES;
				SDKROOT = iphoneos;
				SWIFT_COMPILATION_MODE = wholemodule;
				SWIFT_OPTIMIZATION_LEVEL = "-O";
				VALIDATE_PRODUCT = YES;
			};
			name = Release;
		};
		262ABCFE29910470000DA9F7 /* Debug */ = {
			isa = XCBuildConfiguration;
			buildSettings = {
				ASSETCATALOG_COMPILER_APPICON_NAME = AppIcon;
				ASSETCATALOG_COMPILER_GLOBAL_ACCENT_COLOR_NAME = AccentColor;
				CLANG_ENABLE_MODULES = YES;
				CODE_SIGN_STYLE = Automatic;
				CURRENT_PROJECT_VERSION = 1;
				DEVELOPMENT_ASSET_PATHS = "\"VOIP/Preview Content\"";
				ENABLE_PREVIEWS = YES;
				GENERATE_INFOPLIST_FILE = YES;
				INFOPLIST_FILE = VOIP/Info.plist;
				INFOPLIST_KEY_UIApplicationSceneManifest_Generation = YES;
				INFOPLIST_KEY_UIApplicationSupportsIndirectInputEvents = YES;
				INFOPLIST_KEY_UILaunchScreen_Generation = YES;
				INFOPLIST_KEY_UISupportedInterfaceOrientations_iPad = "UIInterfaceOrientationPortrait UIInterfaceOrientationPortraitUpsideDown UIInterfaceOrientationLandscapeLeft UIInterfaceOrientationLandscapeRight";
				INFOPLIST_KEY_UISupportedInterfaceOrientations_iPhone = "UIInterfaceOrientationPortrait UIInterfaceOrientationLandscapeLeft UIInterfaceOrientationLandscapeRight";
				LD_RUNPATH_SEARCH_PATHS = (
					"$(inherited)",
					"@executable_path/Frameworks",
				);
				MARKETING_VERSION = 1.0;
				PRODUCT_BUNDLE_IDENTIFIER = HGY.VOIP;
				PRODUCT_NAME = "$(TARGET_NAME)";
				SWIFT_EMIT_LOC_STRINGS = YES;
				SWIFT_OBJC_BRIDGING_HEADER = "VOIP/VOIP-Bridging-Header.h";
				SWIFT_OPTIMIZATION_LEVEL = "-Onone";
				SWIFT_VERSION = 5.0;
				TARGETED_DEVICE_FAMILY = "1,2";
			};
			name = Debug;
		};
		262ABCFF29910470000DA9F7 /* Release */ = {
			isa = XCBuildConfiguration;
			buildSettings = {
				ASSETCATALOG_COMPILER_APPICON_NAME = AppIcon;
				ASSETCATALOG_COMPILER_GLOBAL_ACCENT_COLOR_NAME = AccentColor;
				CLANG_ENABLE_MODULES = YES;
				CODE_SIGN_STYLE = Automatic;
				CURRENT_PROJECT_VERSION = 1;
				DEVELOPMENT_ASSET_PATHS = "\"VOIP/Preview Content\"";
				ENABLE_PREVIEWS = YES;
				GENERATE_INFOPLIST_FILE = YES;
				INFOPLIST_FILE = VOIP/Info.plist;
				INFOPLIST_KEY_UIApplicationSceneManifest_Generation = YES;
				INFOPLIST_KEY_UIApplicationSupportsIndirectInputEvents = YES;
				INFOPLIST_KEY_UILaunchScreen_Generation = YES;
				INFOPLIST_KEY_UISupportedInterfaceOrientations_iPad = "UIInterfaceOrientationPortrait UIInterfaceOrientationPortraitUpsideDown UIInterfaceOrientationLandscapeLeft UIInterfaceOrientationLandscapeRight";
				INFOPLIST_KEY_UISupportedInterfaceOrientations_iPhone = "UIInterfaceOrientationPortrait UIInterfaceOrientationLandscapeLeft UIInterfaceOrientationLandscapeRight";
				LD_RUNPATH_SEARCH_PATHS = (
					"$(inherited)",
					"@executable_path/Frameworks",
				);
				MARKETING_VERSION = 1.0;
				PRODUCT_BUNDLE_IDENTIFIER = HGY.VOIP;
				PRODUCT_NAME = "$(TARGET_NAME)";
				SWIFT_EMIT_LOC_STRINGS = YES;
				SWIFT_OBJC_BRIDGING_HEADER = "VOIP/VOIP-Bridging-Header.h";
				SWIFT_VERSION = 5.0;
				TARGETED_DEVICE_FAMILY = "1,2";
			};
			name = Release;
		};
		262ABD0129910470000DA9F7 /* Debug */ = {
			isa = XCBuildConfiguration;
			buildSettings = {
				ALWAYS_EMBED_SWIFT_STANDARD_LIBRARIES = YES;
				BUNDLE_LOADER = "$(TEST_HOST)";
				CODE_SIGN_STYLE = Automatic;
				CURRENT_PROJECT_VERSION = 1;
				GENERATE_INFOPLIST_FILE = YES;
				IPHONEOS_DEPLOYMENT_TARGET = 16.0;
				MARKETING_VERSION = 1.0;
				PRODUCT_BUNDLE_IDENTIFIER = HGY.VOIPTests;
				PRODUCT_NAME = "$(TARGET_NAME)";
				SWIFT_EMIT_LOC_STRINGS = NO;
				SWIFT_VERSION = 5.0;
				TARGETED_DEVICE_FAMILY = "1,2";
				TEST_HOST = "$(BUILT_PRODUCTS_DIR)/VOIP.app/$(BUNDLE_EXECUTABLE_FOLDER_PATH)/VOIP";
			};
			name = Debug;
		};
		262ABD0229910470000DA9F7 /* Release */ = {
			isa = XCBuildConfiguration;
			buildSettings = {
				ALWAYS_EMBED_SWIFT_STANDARD_LIBRARIES = YES;
				BUNDLE_LOADER = "$(TEST_HOST)";
				CODE_SIGN_STYLE = Automatic;
				CURRENT_PROJECT_VERSION = 1;
				GENERATE_INFOPLIST_FILE = YES;
				IPHONEOS_DEPLOYMENT_TARGET = 16.0;
				MARKETING_VERSION = 1.0;
				PRODUCT_BUNDLE_IDENTIFIER = HGY.VOIPTests;
				PRODUCT_NAME = "$(TARGET_NAME)";
				SWIFT_EMIT_LOC_STRINGS = NO;
				SWIFT_VERSION = 5.0;
				TARGETED_DEVICE_FAMILY = "1,2";
				TEST_HOST = "$(BUILT_PRODUCTS_DIR)/VOIP.app/$(BUNDLE_EXECUTABLE_FOLDER_PATH)/VOIP";
			};
			name = Release;
		};
		262ABD0429910470000DA9F7 /* Debug */ = {
			isa = XCBuildConfiguration;
			buildSettings = {
				ALWAYS_EMBED_SWIFT_STANDARD_LIBRARIES = YES;
				CODE_SIGN_STYLE = Automatic;
				CURRENT_PROJECT_VERSION = 1;
				GENERATE_INFOPLIST_FILE = YES;
				MARKETING_VERSION = 1.0;
				PRODUCT_BUNDLE_IDENTIFIER = HGY.VOIPUITests;
				PRODUCT_NAME = "$(TARGET_NAME)";
				SWIFT_EMIT_LOC_STRINGS = NO;
				SWIFT_VERSION = 5.0;
				TARGETED_DEVICE_FAMILY = "1,2";
				TEST_TARGET_NAME = VOIP;
			};
			name = Debug;
		};
		262ABD0529910470000DA9F7 /* Release */ = {
			isa = XCBuildConfiguration;
			buildSettings = {
				ALWAYS_EMBED_SWIFT_STANDARD_LIBRARIES = YES;
				CODE_SIGN_STYLE = Automatic;
				CURRENT_PROJECT_VERSION = 1;
				GENERATE_INFOPLIST_FILE = YES;
				MARKETING_VERSION = 1.0;
				PRODUCT_BUNDLE_IDENTIFIER = HGY.VOIPUITests;
				PRODUCT_NAME = "$(TARGET_NAME)";
				SWIFT_EMIT_LOC_STRINGS = NO;
				SWIFT_VERSION = 5.0;
				TARGETED_DEVICE_FAMILY = "1,2";
				TEST_TARGET_NAME = VOIP;
			};
			name = Release;
		};
/* End XCBuildConfiguration section */

/* Begin XCConfigurationList section */
		262ABCD42991046D000DA9F7 /* Build configuration list for PBXProject "VOIP" */ = {
			isa = XCConfigurationList;
			buildConfigurations = (
				262ABCFB29910470000DA9F7 /* Debug */,
				262ABCFC29910470000DA9F7 /* Release */,
			);
			defaultConfigurationIsVisible = 0;
			defaultConfigurationName = Release;
		};
		262ABCFD29910470000DA9F7 /* Build configuration list for PBXNativeTarget "VOIP" */ = {
			isa = XCConfigurationList;
			buildConfigurations = (
				262ABCFE29910470000DA9F7 /* Debug */,
				262ABCFF29910470000DA9F7 /* Release */,
			);
			defaultConfigurationIsVisible = 0;
			defaultConfigurationName = Release;
		};
		262ABD0029910470000DA9F7 /* Build configuration list for PBXNativeTarget "VOIPTests" */ = {
			isa = XCConfigurationList;
			buildConfigurations = (
				262ABD0129910470000DA9F7 /* Debug */,
				262ABD0229910470000DA9F7 /* Release */,
			);
			defaultConfigurationIsVisible = 0;
			defaultConfigurationName = Release;
		};
		262ABD0329910470000DA9F7 /* Build configuration list for PBXNativeTarget "VOIPUITests" */ = {
			isa = XCConfigurationList;
			buildConfigurations = (
				262ABD0429910470000DA9F7 /* Debug */,
				262ABD0529910470000DA9F7 /* Release */,
			);
			defaultConfigurationIsVisible = 0;
			defaultConfigurationName = Release;
		};
/* End XCConfigurationList section */
	};
	rootObject = 262ABCD12991046D000DA9F7 /* Project object */;
}
