// !$*UTF8*$!
{
	archiveVersion = 1;
	classes = {
	};
	objectVersion = 56;
	objects = {

/* Begin PBXBuildFile section */
		8FB4F4AD29A1B3EB006B04AA /* VoipApp.swift in Sources */ = {isa = PBXBuildFile; fileRef = 8FB4F4AC29A1B3EB006B04AA /* VoipApp.swift */; };
		8FB4F4AF29A1B3EB006B04AA /* ContentView.swift in Sources */ = {isa = PBXBuildFile; fileRef = 8FB4F4AE29A1B3EB006B04AA /* ContentView.swift */; };
		8FB4F4B129A1B3EC006B04AA /* Assets.xcassets in Resources */ = {isa = PBXBuildFile; fileRef = 8FB4F4B029A1B3EC006B04AA /* Assets.xcassets */; };
		8FB4F4B429A1B3EC006B04AA /* Preview Assets.xcassets in Resources */ = {isa = PBXBuildFile; fileRef = 8FB4F4B329A1B3EC006B04AA /* Preview Assets.xcassets */; };
		8FB4F4BE29A1B3EC006B04AA /* VoipTests.swift in Sources */ = {isa = PBXBuildFile; fileRef = 8FB4F4BD29A1B3EC006B04AA /* VoipTests.swift */; };
		8FB4F4C829A1B3EC006B04AA /* VoipUITests.swift in Sources */ = {isa = PBXBuildFile; fileRef = 8FB4F4C729A1B3EC006B04AA /* VoipUITests.swift */; };
		8FB4F4CA29A1B3EC006B04AA /* VoipUITestsLaunchTests.swift in Sources */ = {isa = PBXBuildFile; fileRef = 8FB4F4C929A1B3EC006B04AA /* VoipUITestsLaunchTests.swift */; };
/* End PBXBuildFile section */

/* Begin PBXContainerItemProxy section */
		8FB4F4BA29A1B3EC006B04AA /* PBXContainerItemProxy */ = {
			isa = PBXContainerItemProxy;
			containerPortal = 8FB4F4A129A1B3EB006B04AA /* Project object */;
			proxyType = 1;
			remoteGlobalIDString = 8FB4F4A829A1B3EB006B04AA;
			remoteInfo = Voip;
		};
		8FB4F4C429A1B3EC006B04AA /* PBXContainerItemProxy */ = {
			isa = PBXContainerItemProxy;
			containerPortal = 8FB4F4A129A1B3EB006B04AA /* Project object */;
			proxyType = 1;
			remoteGlobalIDString = 8FB4F4A829A1B3EB006B04AA;
			remoteInfo = Voip;
		};
/* End PBXContainerItemProxy section */

/* Begin PBXFileReference section */
		8FB4F4A929A1B3EB006B04AA /* Voip.app */ = {isa = PBXFileReference; explicitFileType = wrapper.application; includeInIndex = 0; path = Voip.app; sourceTree = BUILT_PRODUCTS_DIR; };
		8FB4F4AC29A1B3EB006B04AA /* VoipApp.swift */ = {isa = PBXFileReference; lastKnownFileType = sourcecode.swift; path = VoipApp.swift; sourceTree = "<group>"; };
		8FB4F4AE29A1B3EB006B04AA /* ContentView.swift */ = {isa = PBXFileReference; lastKnownFileType = sourcecode.swift; path = ContentView.swift; sourceTree = "<group>"; };
		8FB4F4B029A1B3EC006B04AA /* Assets.xcassets */ = {isa = PBXFileReference; lastKnownFileType = folder.assetcatalog; path = Assets.xcassets; sourceTree = "<group>"; };
		8FB4F4B329A1B3EC006B04AA /* Preview Assets.xcassets */ = {isa = PBXFileReference; lastKnownFileType = folder.assetcatalog; path = "Preview Assets.xcassets"; sourceTree = "<group>"; };
		8FB4F4B929A1B3EC006B04AA /* VoipTests.xctest */ = {isa = PBXFileReference; explicitFileType = wrapper.cfbundle; includeInIndex = 0; path = VoipTests.xctest; sourceTree = BUILT_PRODUCTS_DIR; };
		8FB4F4BD29A1B3EC006B04AA /* VoipTests.swift */ = {isa = PBXFileReference; lastKnownFileType = sourcecode.swift; path = VoipTests.swift; sourceTree = "<group>"; };
		8FB4F4C329A1B3EC006B04AA /* VoipUITests.xctest */ = {isa = PBXFileReference; explicitFileType = wrapper.cfbundle; includeInIndex = 0; path = VoipUITests.xctest; sourceTree = BUILT_PRODUCTS_DIR; };
		8FB4F4C729A1B3EC006B04AA /* VoipUITests.swift */ = {isa = PBXFileReference; lastKnownFileType = sourcecode.swift; path = VoipUITests.swift; sourceTree = "<group>"; };
		8FB4F4C929A1B3EC006B04AA /* VoipUITestsLaunchTests.swift */ = {isa = PBXFileReference; lastKnownFileType = sourcecode.swift; path = VoipUITestsLaunchTests.swift; sourceTree = "<group>"; };
/* End PBXFileReference section */

/* Begin PBXFrameworksBuildPhase section */
		8FB4F4A629A1B3EB006B04AA /* Frameworks */ = {
			isa = PBXFrameworksBuildPhase;
			buildActionMask = 2147483647;
			files = (
			);
			runOnlyForDeploymentPostprocessing = 0;
		};
		8FB4F4B629A1B3EC006B04AA /* Frameworks */ = {
			isa = PBXFrameworksBuildPhase;
			buildActionMask = 2147483647;
			files = (
			);
			runOnlyForDeploymentPostprocessing = 0;
		};
		8FB4F4C029A1B3EC006B04AA /* Frameworks */ = {
			isa = PBXFrameworksBuildPhase;
			buildActionMask = 2147483647;
			files = (
			);
			runOnlyForDeploymentPostprocessing = 0;
		};
/* End PBXFrameworksBuildPhase section */

/* Begin PBXGroup section */
		8FB4F4A029A1B3EB006B04AA = {
			isa = PBXGroup;
			children = (
				8FB4F4AB29A1B3EB006B04AA /* Voip */,
				8FB4F4BC29A1B3EC006B04AA /* VoipTests */,
				8FB4F4C629A1B3EC006B04AA /* VoipUITests */,
				8FB4F4AA29A1B3EB006B04AA /* Products */,
			);
			sourceTree = "<group>";
		};
		8FB4F4AA29A1B3EB006B04AA /* Products */ = {
			isa = PBXGroup;
			children = (
				8FB4F4A929A1B3EB006B04AA /* Voip.app */,
				8FB4F4B929A1B3EC006B04AA /* VoipTests.xctest */,
				8FB4F4C329A1B3EC006B04AA /* VoipUITests.xctest */,
			);
			name = Products;
			sourceTree = "<group>";
		};
		8FB4F4AB29A1B3EB006B04AA /* Voip */ = {
			isa = PBXGroup;
			children = (
				8FB4F4AC29A1B3EB006B04AA /* VoipApp.swift */,
				8FB4F4AE29A1B3EB006B04AA /* ContentView.swift */,
				8FB4F4B029A1B3EC006B04AA /* Assets.xcassets */,
				8FB4F4B229A1B3EC006B04AA /* Preview Content */,
			);
			path = Voip;
			sourceTree = "<group>";
		};
		8FB4F4B229A1B3EC006B04AA /* Preview Content */ = {
			isa = PBXGroup;
			children = (
				8FB4F4B329A1B3EC006B04AA /* Preview Assets.xcassets */,
			);
			path = "Preview Content";
			sourceTree = "<group>";
		};
		8FB4F4BC29A1B3EC006B04AA /* VoipTests */ = {
			isa = PBXGroup;
			children = (
				8FB4F4BD29A1B3EC006B04AA /* VoipTests.swift */,
			);
			path = VoipTests;
			sourceTree = "<group>";
		};
		8FB4F4C629A1B3EC006B04AA /* VoipUITests */ = {
			isa = PBXGroup;
			children = (
				8FB4F4C729A1B3EC006B04AA /* VoipUITests.swift */,
				8FB4F4C929A1B3EC006B04AA /* VoipUITestsLaunchTests.swift */,
			);
			path = VoipUITests;
			sourceTree = "<group>";
		};
/* End PBXGroup section */

/* Begin PBXNativeTarget section */
		8FB4F4A829A1B3EB006B04AA /* Voip */ = {
			isa = PBXNativeTarget;
			buildConfigurationList = 8FB4F4CD29A1B3EC006B04AA /* Build configuration list for PBXNativeTarget "Voip" */;
			buildPhases = (
				8FB4F4A529A1B3EB006B04AA /* Sources */,
				8FB4F4A629A1B3EB006B04AA /* Frameworks */,
				8FB4F4A729A1B3EB006B04AA /* Resources */,
			);
			buildRules = (
			);
			dependencies = (
			);
			name = Voip;
			productName = Voip;
			productReference = 8FB4F4A929A1B3EB006B04AA /* Voip.app */;
			productType = "com.apple.product-type.application";
		};
		8FB4F4B829A1B3EC006B04AA /* VoipTests */ = {
			isa = PBXNativeTarget;
			buildConfigurationList = 8FB4F4D029A1B3EC006B04AA /* Build configuration list for PBXNativeTarget "VoipTests" */;
			buildPhases = (
				8FB4F4B529A1B3EC006B04AA /* Sources */,
				8FB4F4B629A1B3EC006B04AA /* Frameworks */,
				8FB4F4B729A1B3EC006B04AA /* Resources */,
			);
			buildRules = (
			);
			dependencies = (
				8FB4F4BB29A1B3EC006B04AA /* PBXTargetDependency */,
			);
			name = VoipTests;
			productName = VoipTests;
			productReference = 8FB4F4B929A1B3EC006B04AA /* VoipTests.xctest */;
			productType = "com.apple.product-type.bundle.unit-test";
		};
		8FB4F4C229A1B3EC006B04AA /* VoipUITests */ = {
			isa = PBXNativeTarget;
			buildConfigurationList = 8FB4F4D329A1B3EC006B04AA /* Build configuration list for PBXNativeTarget "VoipUITests" */;
			buildPhases = (
				8FB4F4BF29A1B3EC006B04AA /* Sources */,
				8FB4F4C029A1B3EC006B04AA /* Frameworks */,
				8FB4F4C129A1B3EC006B04AA /* Resources */,
			);
			buildRules = (
			);
			dependencies = (
				8FB4F4C529A1B3EC006B04AA /* PBXTargetDependency */,
			);
			name = VoipUITests;
			productName = VoipUITests;
			productReference = 8FB4F4C329A1B3EC006B04AA /* VoipUITests.xctest */;
			productType = "com.apple.product-type.bundle.ui-testing";
		};
/* End PBXNativeTarget section */

/* Begin PBXProject section */
		8FB4F4A129A1B3EB006B04AA /* Project object */ = {
			isa = PBXProject;
			attributes = {
				BuildIndependentTargetsInParallel = 1;
				LastSwiftUpdateCheck = 1420;
				LastUpgradeCheck = 1420;
				TargetAttributes = {
					8FB4F4A829A1B3EB006B04AA = {
						CreatedOnToolsVersion = 14.2;
					};
					8FB4F4B829A1B3EC006B04AA = {
						CreatedOnToolsVersion = 14.2;
						TestTargetID = 8FB4F4A829A1B3EB006B04AA;
					};
					8FB4F4C229A1B3EC006B04AA = {
						CreatedOnToolsVersion = 14.2;
						TestTargetID = 8FB4F4A829A1B3EB006B04AA;
					};
				};
			};
			buildConfigurationList = 8FB4F4A429A1B3EB006B04AA /* Build configuration list for PBXProject "Voip" */;
			compatibilityVersion = "Xcode 14.0";
			developmentRegion = en;
			hasScannedForEncodings = 0;
			knownRegions = (
				en,
				Base,
			);
			mainGroup = 8FB4F4A029A1B3EB006B04AA;
			productRefGroup = 8FB4F4AA29A1B3EB006B04AA /* Products */;
			projectDirPath = "";
			projectRoot = "";
			targets = (
				8FB4F4A829A1B3EB006B04AA /* Voip */,
				8FB4F4B829A1B3EC006B04AA /* VoipTests */,
				8FB4F4C229A1B3EC006B04AA /* VoipUITests */,
			);
		};
/* End PBXProject section */

/* Begin PBXResourcesBuildPhase section */
		8FB4F4A729A1B3EB006B04AA /* Resources */ = {
			isa = PBXResourcesBuildPhase;
			buildActionMask = 2147483647;
			files = (
				8FB4F4B429A1B3EC006B04AA /* Preview Assets.xcassets in Resources */,
				8FB4F4B129A1B3EC006B04AA /* Assets.xcassets in Resources */,
			);
			runOnlyForDeploymentPostprocessing = 0;
		};
		8FB4F4B729A1B3EC006B04AA /* Resources */ = {
			isa = PBXResourcesBuildPhase;
			buildActionMask = 2147483647;
			files = (
			);
			runOnlyForDeploymentPostprocessing = 0;
		};
		8FB4F4C129A1B3EC006B04AA /* Resources */ = {
			isa = PBXResourcesBuildPhase;
			buildActionMask = 2147483647;
			files = (
			);
			runOnlyForDeploymentPostprocessing = 0;
		};
/* End PBXResourcesBuildPhase section */

/* Begin PBXSourcesBuildPhase section */
		8FB4F4A529A1B3EB006B04AA /* Sources */ = {
			isa = PBXSourcesBuildPhase;
			buildActionMask = 2147483647;
			files = (
				8FB4F4AF29A1B3EB006B04AA /* ContentView.swift in Sources */,
				8FB4F4AD29A1B3EB006B04AA /* VoipApp.swift in Sources */,
			);
			runOnlyForDeploymentPostprocessing = 0;
		};
		8FB4F4B529A1B3EC006B04AA /* Sources */ = {
			isa = PBXSourcesBuildPhase;
			buildActionMask = 2147483647;
			files = (
				8FB4F4BE29A1B3EC006B04AA /* VoipTests.swift in Sources */,
			);
			runOnlyForDeploymentPostprocessing = 0;
		};
		8FB4F4BF29A1B3EC006B04AA /* Sources */ = {
			isa = PBXSourcesBuildPhase;
			buildActionMask = 2147483647;
			files = (
				8FB4F4CA29A1B3EC006B04AA /* VoipUITestsLaunchTests.swift in Sources */,
				8FB4F4C829A1B3EC006B04AA /* VoipUITests.swift in Sources */,
			);
			runOnlyForDeploymentPostprocessing = 0;
		};
/* End PBXSourcesBuildPhase section */

/* Begin PBXTargetDependency section */
		8FB4F4BB29A1B3EC006B04AA /* PBXTargetDependency */ = {
			isa = PBXTargetDependency;
			target = 8FB4F4A829A1B3EB006B04AA /* Voip */;
			targetProxy = 8FB4F4BA29A1B3EC006B04AA /* PBXContainerItemProxy */;
		};
		8FB4F4C529A1B3EC006B04AA /* PBXTargetDependency */ = {
			isa = PBXTargetDependency;
			target = 8FB4F4A829A1B3EB006B04AA /* Voip */;
			targetProxy = 8FB4F4C429A1B3EC006B04AA /* PBXContainerItemProxy */;
		};
/* End PBXTargetDependency section */

/* Begin XCBuildConfiguration section */
		8FB4F4CB29A1B3EC006B04AA /* Debug */ = {
			isa = XCBuildConfiguration;
			buildSettings = {
				ALWAYS_SEARCH_USER_PATHS = NO;
				CLANG_ANALYZER_NONNULL = YES;
				CLANG_ANALYZER_NUMBER_OBJECT_CONVERSION = YES_AGGRESSIVE;
				CLANG_CXX_LANGUAGE_STANDARD = "gnu++20";
				CLANG_ENABLE_MODULES = YES;
				CLANG_ENABLE_OBJC_ARC = YES;
				CLANG_ENABLE_OBJC_WEAK = YES;
				CLANG_WARN_BLOCK_CAPTURE_AUTORELEASING = YES;
				CLANG_WARN_BOOL_CONVERSION = YES;
				CLANG_WARN_COMMA = YES;
				CLANG_WARN_CONSTANT_CONVERSION = YES;
				CLANG_WARN_DEPRECATED_OBJC_IMPLEMENTATIONS = YES;
				CLANG_WARN_DIRECT_OBJC_ISA_USAGE = YES_ERROR;
				CLANG_WARN_DOCUMENTATION_COMMENTS = YES;
				CLANG_WARN_EMPTY_BODY = YES;
				CLANG_WARN_ENUM_CONVERSION = YES;
				CLANG_WARN_INFINITE_RECURSION = YES;
				CLANG_WARN_INT_CONVERSION = YES;
				CLANG_WARN_NON_LITERAL_NULL_CONVERSION = YES;
				CLANG_WARN_OBJC_IMPLICIT_RETAIN_SELF = YES;
				CLANG_WARN_OBJC_LITERAL_CONVERSION = YES;
				CLANG_WARN_OBJC_ROOT_CLASS = YES_ERROR;
				CLANG_WARN_QUOTED_INCLUDE_IN_FRAMEWORK_HEADER = YES;
				CLANG_WARN_RANGE_LOOP_ANALYSIS = YES;
				CLANG_WARN_STRICT_PROTOTYPES = YES;
				CLANG_WARN_SUSPICIOUS_MOVE = YES;
				CLANG_WARN_UNGUARDED_AVAILABILITY = YES_AGGRESSIVE;
				CLANG_WARN_UNREACHABLE_CODE = YES;
				CLANG_WARN__DUPLICATE_METHOD_MATCH = YES;
				COPY_PHASE_STRIP = NO;
				DEBUG_INFORMATION_FORMAT = dwarf;
				ENABLE_STRICT_OBJC_MSGSEND = YES;
				ENABLE_TESTABILITY = YES;
				GCC_C_LANGUAGE_STANDARD = gnu11;
				GCC_DYNAMIC_NO_PIC = NO;
				GCC_NO_COMMON_BLOCKS = YES;
				GCC_OPTIMIZATION_LEVEL = 0;
				GCC_PREPROCESSOR_DEFINITIONS = (
					"DEBUG=1",
					"$(inherited)",
				);
				GCC_WARN_64_TO_32_BIT_CONVERSION = YES;
				GCC_WARN_ABOUT_RETURN_TYPE = YES_ERROR;
				GCC_WARN_UNDECLARED_SELECTOR = YES;
				GCC_WARN_UNINITIALIZED_AUTOS = YES_AGGRESSIVE;
				GCC_WARN_UNUSED_FUNCTION = YES;
				GCC_WARN_UNUSED_VARIABLE = YES;
				IPHONEOS_DEPLOYMENT_TARGET = 16.2;
				MTL_ENABLE_DEBUG_INFO = INCLUDE_SOURCE;
				MTL_FAST_MATH = YES;
				ONLY_ACTIVE_ARCH = YES;
				SDKROOT = iphoneos;
				SWIFT_ACTIVE_COMPILATION_CONDITIONS = DEBUG;
				SWIFT_OPTIMIZATION_LEVEL = "-Onone";
			};
			name = Debug;
		};
		8FB4F4CC29A1B3EC006B04AA /* Release */ = {
			isa = XCBuildConfiguration;
			buildSettings = {
				ALWAYS_SEARCH_USER_PATHS = NO;
				CLANG_ANALYZER_NONNULL = YES;
				CLANG_ANALYZER_NUMBER_OBJECT_CONVERSION = YES_AGGRESSIVE;
				CLANG_CXX_LANGUAGE_STANDARD = "gnu++20";
				CLANG_ENABLE_MODULES = YES;
				CLANG_ENABLE_OBJC_ARC = YES;
				CLANG_ENABLE_OBJC_WEAK = YES;
				CLANG_WARN_BLOCK_CAPTURE_AUTORELEASING = YES;
				CLANG_WARN_BOOL_CONVERSION = YES;
				CLANG_WARN_COMMA = YES;
				CLANG_WARN_CONSTANT_CONVERSION = YES;
				CLANG_WARN_DEPRECATED_OBJC_IMPLEMENTATIONS = YES;
				CLANG_WARN_DIRECT_OBJC_ISA_USAGE = YES_ERROR;
				CLANG_WARN_DOCUMENTATION_COMMENTS = YES;
				CLANG_WARN_EMPTY_BODY = YES;
				CLANG_WARN_ENUM_CONVERSION = YES;
				CLANG_WARN_INFINITE_RECURSION = YES;
				CLANG_WARN_INT_CONVERSION = YES;
				CLANG_WARN_NON_LITERAL_NULL_CONVERSION = YES;
				CLANG_WARN_OBJC_IMPLICIT_RETAIN_SELF = YES;
				CLANG_WARN_OBJC_LITERAL_CONVERSION = YES;
				CLANG_WARN_OBJC_ROOT_CLASS = YES_ERROR;
				CLANG_WARN_QUOTED_INCLUDE_IN_FRAMEWORK_HEADER = YES;
				CLANG_WARN_RANGE_LOOP_ANALYSIS = YES;
				CLANG_WARN_STRICT_PROTOTYPES = YES;
				CLANG_WARN_SUSPICIOUS_MOVE = YES;
				CLANG_WARN_UNGUARDED_AVAILABILITY = YES_AGGRESSIVE;
				CLANG_WARN_UNREACHABLE_CODE = YES;
				CLANG_WARN__DUPLICATE_METHOD_MATCH = YES;
				COPY_PHASE_STRIP = NO;
				DEBUG_INFORMATION_FORMAT = "dwarf-with-dsym";
				ENABLE_NS_ASSERTIONS = NO;
				ENABLE_STRICT_OBJC_MSGSEND = YES;
				GCC_C_LANGUAGE_STANDARD = gnu11;
				GCC_NO_COMMON_BLOCKS = YES;
				GCC_WARN_64_TO_32_BIT_CONVERSION = YES;
				GCC_WARN_ABOUT_RETURN_TYPE = YES_ERROR;
				GCC_WARN_UNDECLARED_SELECTOR = YES;
				GCC_WARN_UNINITIALIZED_AUTOS = YES_AGGRESSIVE;
				GCC_WARN_UNUSED_FUNCTION = YES;
				GCC_WARN_UNUSED_VARIABLE = YES;
				IPHONEOS_DEPLOYMENT_TARGET = 16.2;
				MTL_ENABLE_DEBUG_INFO = NO;
				MTL_FAST_MATH = YES;
				SDKROOT = iphoneos;
				SWIFT_COMPILATION_MODE = wholemodule;
				SWIFT_OPTIMIZATION_LEVEL = "-O";
				VALIDATE_PRODUCT = YES;
			};
			name = Release;
		};
		8FB4F4CE29A1B3EC006B04AA /* Debug */ = {
			isa = XCBuildConfiguration;
			buildSettings = {
				ASSETCATALOG_COMPILER_APPICON_NAME = AppIcon;
				ASSETCATALOG_COMPILER_GLOBAL_ACCENT_COLOR_NAME = AccentColor;
				CODE_SIGN_STYLE = Automatic;
				CURRENT_PROJECT_VERSION = 1;
				DEVELOPMENT_ASSET_PATHS = "\"Voip/Preview Content\"";
				DEVELOPMENT_TEAM = VN82675435;
				ENABLE_PREVIEWS = YES;
				GENERATE_INFOPLIST_FILE = YES;
				INFOPLIST_KEY_UIApplicationSceneManifest_Generation = YES;
				INFOPLIST_KEY_UIApplicationSupportsIndirectInputEvents = YES;
				INFOPLIST_KEY_UILaunchScreen_Generation = YES;
				INFOPLIST_KEY_UISupportedInterfaceOrientations_iPad = "UIInterfaceOrientationPortrait UIInterfaceOrientationPortraitUpsideDown UIInterfaceOrientationLandscapeLeft UIInterfaceOrientationLandscapeRight";
				INFOPLIST_KEY_UISupportedInterfaceOrientations_iPhone = "UIInterfaceOrientationPortrait UIInterfaceOrientationLandscapeLeft UIInterfaceOrientationLandscapeRight";
				LD_RUNPATH_SEARCH_PATHS = (
					"$(inherited)",
					"@executable_path/Frameworks",
				);
				MARKETING_VERSION = 1.0;
				PRODUCT_BUNDLE_IDENTIFIER = Lube.Voip;
				PRODUCT_NAME = "$(TARGET_NAME)";
				SWIFT_EMIT_LOC_STRINGS = YES;
				SWIFT_VERSION = 5.0;
				TARGETED_DEVICE_FAMILY = "1,2";
			};
			name = Debug;
		};
		8FB4F4CF29A1B3EC006B04AA /* Release */ = {
			isa = XCBuildConfiguration;
			buildSettings = {
				ASSETCATALOG_COMPILER_APPICON_NAME = AppIcon;
				ASSETCATALOG_COMPILER_GLOBAL_ACCENT_COLOR_NAME = AccentColor;
				CODE_SIGN_STYLE = Automatic;
				CURRENT_PROJECT_VERSION = 1;
				DEVELOPMENT_ASSET_PATHS = "\"Voip/Preview Content\"";
				DEVELOPMENT_TEAM = VN82675435;
				ENABLE_PREVIEWS = YES;
				GENERATE_INFOPLIST_FILE = YES;
				INFOPLIST_KEY_UIApplicationSceneManifest_Generation = YES;
				INFOPLIST_KEY_UIApplicationSupportsIndirectInputEvents = YES;
				INFOPLIST_KEY_UILaunchScreen_Generation = YES;
				INFOPLIST_KEY_UISupportedInterfaceOrientations_iPad = "UIInterfaceOrientationPortrait UIInterfaceOrientationPortraitUpsideDown UIInterfaceOrientationLandscapeLeft UIInterfaceOrientationLandscapeRight";
				INFOPLIST_KEY_UISupportedInterfaceOrientations_iPhone = "UIInterfaceOrientationPortrait UIInterfaceOrientationLandscapeLeft UIInterfaceOrientationLandscapeRight";
				LD_RUNPATH_SEARCH_PATHS = (
					"$(inherited)",
					"@executable_path/Frameworks",
				);
				MARKETING_VERSION = 1.0;
				PRODUCT_BUNDLE_IDENTIFIER = Lube.Voip;
				PRODUCT_NAME = "$(TARGET_NAME)";
				SWIFT_EMIT_LOC_STRINGS = YES;
				SWIFT_VERSION = 5.0;
				TARGETED_DEVICE_FAMILY = "1,2";
			};
			name = Release;
		};
		8FB4F4D129A1B3EC006B04AA /* Debug */ = {
			isa = XCBuildConfiguration;
			buildSettings = {
				ALWAYS_EMBED_SWIFT_STANDARD_LIBRARIES = YES;
				BUNDLE_LOADER = "$(TEST_HOST)";
				CODE_SIGN_STYLE = Automatic;
				CURRENT_PROJECT_VERSION = 1;
				DEVELOPMENT_TEAM = VN82675435;
				GENERATE_INFOPLIST_FILE = YES;
				IPHONEOS_DEPLOYMENT_TARGET = 16.2;
				MARKETING_VERSION = 1.0;
				PRODUCT_BUNDLE_IDENTIFIER = Lube.VoipTests;
				PRODUCT_NAME = "$(TARGET_NAME)";
				SWIFT_EMIT_LOC_STRINGS = NO;
				SWIFT_VERSION = 5.0;
				TARGETED_DEVICE_FAMILY = "1,2";
				TEST_HOST = "$(BUILT_PRODUCTS_DIR)/Voip.app/$(BUNDLE_EXECUTABLE_FOLDER_PATH)/Voip";
			};
			name = Debug;
		};
		8FB4F4D229A1B3EC006B04AA /* Release */ = {
			isa = XCBuildConfiguration;
			buildSettings = {
				ALWAYS_EMBED_SWIFT_STANDARD_LIBRARIES = YES;
				BUNDLE_LOADER = "$(TEST_HOST)";
				CODE_SIGN_STYLE = Automatic;
				CURRENT_PROJECT_VERSION = 1;
				DEVELOPMENT_TEAM = VN82675435;
				GENERATE_INFOPLIST_FILE = YES;
				IPHONEOS_DEPLOYMENT_TARGET = 16.2;
				MARKETING_VERSION = 1.0;
				PRODUCT_BUNDLE_IDENTIFIER = Lube.VoipTests;
				PRODUCT_NAME = "$(TARGET_NAME)";
				SWIFT_EMIT_LOC_STRINGS = NO;
				SWIFT_VERSION = 5.0;
				TARGETED_DEVICE_FAMILY = "1,2";
				TEST_HOST = "$(BUILT_PRODUCTS_DIR)/Voip.app/$(BUNDLE_EXECUTABLE_FOLDER_PATH)/Voip";
			};
			name = Release;
		};
		8FB4F4D429A1B3EC006B04AA /* Debug */ = {
			isa = XCBuildConfiguration;
			buildSettings = {
				ALWAYS_EMBED_SWIFT_STANDARD_LIBRARIES = YES;
				CODE_SIGN_STYLE = Automatic;
				CURRENT_PROJECT_VERSION = 1;
				DEVELOPMENT_TEAM = VN82675435;
				GENERATE_INFOPLIST_FILE = YES;
				MARKETING_VERSION = 1.0;
				PRODUCT_BUNDLE_IDENTIFIER = Lube.VoipUITests;
				PRODUCT_NAME = "$(TARGET_NAME)";
				SWIFT_EMIT_LOC_STRINGS = NO;
				SWIFT_VERSION = 5.0;
				TARGETED_DEVICE_FAMILY = "1,2";
				TEST_TARGET_NAME = Voip;
			};
			name = Debug;
		};
		8FB4F4D529A1B3EC006B04AA /* Release */ = {
			isa = XCBuildConfiguration;
			buildSettings = {
				ALWAYS_EMBED_SWIFT_STANDARD_LIBRARIES = YES;
				CODE_SIGN_STYLE = Automatic;
				CURRENT_PROJECT_VERSION = 1;
				DEVELOPMENT_TEAM = VN82675435;
				GENERATE_INFOPLIST_FILE = YES;
				MARKETING_VERSION = 1.0;
				PRODUCT_BUNDLE_IDENTIFIER = Lube.VoipUITests;
				PRODUCT_NAME = "$(TARGET_NAME)";
				SWIFT_EMIT_LOC_STRINGS = NO;
				SWIFT_VERSION = 5.0;
				TARGETED_DEVICE_FAMILY = "1,2";
				TEST_TARGET_NAME = Voip;
			};
			name = Release;
		};
/* End XCBuildConfiguration section */

/* Begin XCConfigurationList section */
		8FB4F4A429A1B3EB006B04AA /* Build configuration list for PBXProject "Voip" */ = {
			isa = XCConfigurationList;
			buildConfigurations = (
				8FB4F4CB29A1B3EC006B04AA /* Debug */,
				8FB4F4CC29A1B3EC006B04AA /* Release */,
			);
			defaultConfigurationIsVisible = 0;
			defaultConfigurationName = Release;
		};
		8FB4F4CD29A1B3EC006B04AA /* Build configuration list for PBXNativeTarget "Voip" */ = {
			isa = XCConfigurationList;
			buildConfigurations = (
				8FB4F4CE29A1B3EC006B04AA /* Debug */,
				8FB4F4CF29A1B3EC006B04AA /* Release */,
			);
			defaultConfigurationIsVisible = 0;
			defaultConfigurationName = Release;
		};
		8FB4F4D029A1B3EC006B04AA /* Build configuration list for PBXNativeTarget "VoipTests" */ = {
			isa = XCConfigurationList;
			buildConfigurations = (
				8FB4F4D129A1B3EC006B04AA /* Debug */,
				8FB4F4D229A1B3EC006B04AA /* Release */,
			);
			defaultConfigurationIsVisible = 0;
			defaultConfigurationName = Release;
		};
		8FB4F4D329A1B3EC006B04AA /* Build configuration list for PBXNativeTarget "VoipUITests" */ = {
			isa = XCConfigurationList;
			buildConfigurations = (
				8FB4F4D429A1B3EC006B04AA /* Debug */,
				8FB4F4D529A1B3EC006B04AA /* Release */,
			);
			defaultConfigurationIsVisible = 0;
			defaultConfigurationName = Release;
		};
/* End XCConfigurationList section */
	};
	rootObject = 8FB4F4A129A1B3EB006B04AA /* Project object */;
}
